
Microsoft Visual Studio Solution File, Format Version 12.00
# Visual Studio 15
VisualStudioVersion = 15.0.27703.2047
MinimumVisualStudioVersion = 10.0.40219.1
Project("{2150E333-8FDC-42A3-9474-1A3956D46DE8}") = "AppData", "AppData", "{BA7447A3-1EEA-4AF9-90C2-3D971DAF5C3E}"
	ProjectSection(SolutionItems) = preProject
		..\..\..\Documents\Railway.mdf = ..\..\..\Documents\Railway.mdf
		..\..\..\Documents\Railway_log.ldf = ..\..\..\Documents\Railway_log.ldf
	EndProjectSection
EndProject
Global
	GlobalSection(SolutionProperties) = preSolution
		HideSolutionNode = FALSE
	EndGlobalSection
	GlobalSection(ExtensibilityGlobals) = postSolution
		SolutionGuid = {45D9CA40-E67E-40A8-9505-B44B50D4D21A}
	EndGlobalSection
EndGlobal
