{
  "requires": true,
  "lockfileVersion": 1,
  "dependencies": {
    "@mdi/font": {
      "version": "3.0.39",
      "resolved": "https://registry.npmjs.org/@mdi/font/-/font-3.0.39.tgz",
      "integrity": "sha512-VnPxEXsiV+YP9NO7XyQEvs1tBxkmtPzib9dRq/1CqubaZy9oeP7Jmgd/IEya8Z3bVyj+NZpwS0YGZW1kvx2eFQ=="
    }
  }
}
